# THIS IS AN AUTOGENERATED FILE. DO NOT EDIT THIS FILE DIRECTLY.
# yarn lockfile v1


"@types/bson@*":
  version "4.0.3"
  resolved "https://registry.yarnpkg.com/@types/bson/-/bson-4.0.3.tgz#30889d2ffde6262abbe38659364c631454999fbf"
  integrity sha512-mVRvYnTOZJz3ccpxhr3wgxVmSeiYinW+zlzQz3SXWaJmD1DuL05Jeq7nKw3SnbKmbleW5qrLG5vdyWe/A9sXhw==
  dependencies:
    "@types/node" "*"

"@types/mongodb@*":
  version "3.6.12"
  resolved "https://registry.yarnpkg.com/@types/mongodb/-/mongodb-3.6.12.tgz#727960d34f35054d2f2ce68909e16094f742d935"
  integrity sha512-49aEzQD5VdHPxyd5dRyQdqEveAg9LanwrH8RQipnMuulwzKmODXIZRp0umtxi1eBUfEusRkoy8AVOMr+kVuFog==
  dependencies:
    "@types/bson" "*"
    "@types/node" "*"

"@types/mongoose@^5.10.5":
  version "5.10.5"
  resolved "https://registry.yarnpkg.com/@types/mongoose/-/mongoose-5.10.5.tgz#0f4fb0440e8cf0213caec1e5c7b163dbd9847c56"
  integrity sha512-37QMIA954T3n+HSksSNLlxZsqF8fMJu5S4dyPBod6gRxGtsXlQ9jUtL8BE8Seimv99u79eLXI3bggoCnSQ/fxQ==
  dependencies:
    "@types/mongodb" "*"
    "@types/node" "*"

"@types/node@*":
  version "15.0.3"
  resolved "https://registry.yarnpkg.com/@types/node/-/node-15.0.3.tgz#ee09fcaac513576474c327da5818d421b98db88a"
  integrity sha512-/WbxFeBU+0F79z9RdEOXH4CsDga+ibi5M8uEYr91u3CkT/pdWcV8MCook+4wDPnZBexRdwWS+PiVZ2xJviAzcQ==
