# THIS IS AN AUTOGENERATED FILE. DO NOT EDIT THIS FILE DIRECTLY.
# yarn lockfile v1


"@types/bcryptjs@^2.4.2":
  version "2.4.2"
  resolved "https://registry.yarnpkg.com/@types/bcryptjs/-/bcryptjs-2.4.2.tgz#e3530eac9dd136bfdfb0e43df2c4c5ce1f77dfae"
  integrity sha512-LiMQ6EOPob/4yUL66SZzu6Yh77cbzJFYll+ZfaPiPPFswtIlA/Fs1MzdKYA7JApHU49zQTbJGX3PDmCpIdDBRQ==

bcryptjs@^2.4.3:
  version "2.4.3"
  resolved "https://registry.yarnpkg.com/bcryptjs/-/bcryptjs-2.4.3.tgz#9ab5627b93e60621ff7cdac5da9733027df1d0cb"
  integrity sha1-mrVie5PmBiH/fNrF2pczAn3x0Ms=
